
Microsoft Visual Studio Solution File, Format Version 12.00
# Visual Studio 15
VisualStudioVersion = 15.0.27004.2008
MinimumVisualStudioVersion = 10.0.40219.1
Project("{FAE04EC0-301F-11D3-BF4B-00C04F79EFBC}") = "SimpleTaskManager", "SimpleTaskManager\SimpleTaskManager.csproj", "{9FEB360F-3281-460D-8B89-6EF282BD0CBD}"
EndProject
Global
	GlobalSection(SolutionConfigurationPlatforms) = preSolution
		Debug|Any CPU = Debug|Any CPU
		Release|Any CPU = Release|Any CPU
	EndGlobalSection
	GlobalSection(ProjectConfigurationPlatforms) = postSolution
		{9FEB360F-3281-460D-8B89-6EF282BD0CBD}.Debug|Any CPU.ActiveCfg = Debug|Any CPU
		{9FEB360F-3281-460D-8B89-6EF282BD0CBD}.Debug|Any CPU.Build.0 = Debug|Any CPU
		{9FEB360F-3281-460D-8B89-6EF282BD0CBD}.Release|Any CPU.ActiveCfg = Release|Any CPU
		{9FEB360F-3281-460D-8B89-6EF282BD0CBD}.Release|Any CPU.Build.0 = Release|Any CPU
	EndGlobalSection
	GlobalSection(SolutionProperties) = preSolution
		HideSolutionNode = FALSE
	EndGlobalSection
	GlobalSection(ExtensibilityGlobals) = postSolution
		SolutionGuid = {B4407CFE-510C-4D80-8277-9DC881F04BCB}
	EndGlobalSection
EndGlobal
